
Microsoft Visual Studio Solution File, Format Version 12.00
# Visual Studio Version 16
VisualStudioVersion = 16.0.31019.35
MinimumVisualStudioVersion = 10.0.40219.1
Project("{9A19103F-16F7-4668-BE54-9A1E7A4F7556}") = "MusicRecommendation.App", "MusicRecommendation.App\MusicRecommendation.App.csproj", "{1B7AA142-D976-43FE-BCA6-9B18EE11BD08}"
EndProject
Global
	GlobalSection(SolutionConfigurationPlatforms) = preSolution
		Debug|Any CPU = Debug|Any CPU
		Release|Any CPU = Release|Any CPU
	EndGlobalSection
	GlobalSection(ProjectConfigurationPlatforms) = postSolution
		{1B7AA142-D976-43FE-BCA6-9B18EE11BD08}.Debug|Any CPU.ActiveCfg = Debug|Any CPU
		{1B7AA142-D976-43FE-BCA6-9B18EE11BD08}.Debug|Any CPU.Build.0 = Debug|Any CPU
		{1B7AA142-D976-43FE-BCA6-9B18EE11BD08}.Release|Any CPU.ActiveCfg = Release|Any CPU
		{1B7AA142-D976-43FE-BCA6-9B18EE11BD08}.Release|Any CPU.Build.0 = Release|Any CPU
	EndGlobalSection
	GlobalSection(SolutionProperties) = preSolution
		HideSolutionNode = FALSE
	EndGlobalSection
	GlobalSection(ExtensibilityGlobals) = postSolution
		SolutionGuid = {A388FC4A-0A97-40AF-8B23-B4C3AE886403}
	EndGlobalSection
EndGlobal
